
Microsoft Visual Studio Solution File, Format Version 12.00
# Visual Studio Version 17
VisualStudioVersion = 17.0.32014.148
MinimumVisualStudioVersion = 10.0.40219.1
Project("{FAE04EC0-301F-11D3-BF4B-00C04F79EFBC}") = "WebAppEstefanMenocal", "WebAppEstefanMenocal\WebAppEstefanMenocal.csproj", "{91E64130-A126-48D1-B929-5EC0C4B6248D}"
EndProject
Global
	GlobalSection(SolutionConfigurationPlatforms) = preSolution
		Debug|Any CPU = Debug|Any CPU
		Release|Any CPU = Release|Any CPU
	EndGlobalSection
	GlobalSection(ProjectConfigurationPlatforms) = postSolution
		{91E64130-A126-48D1-B929-5EC0C4B6248D}.Debug|Any CPU.ActiveCfg = Debug|Any CPU
		{91E64130-A126-48D1-B929-5EC0C4B6248D}.Debug|Any CPU.Build.0 = Debug|Any CPU
		{91E64130-A126-48D1-B929-5EC0C4B6248D}.Release|Any CPU.ActiveCfg = Release|Any CPU
		{91E64130-A126-48D1-B929-5EC0C4B6248D}.Release|Any CPU.Build.0 = Release|Any CPU
	EndGlobalSection
	GlobalSection(SolutionProperties) = preSolution
		HideSolutionNode = FALSE
	EndGlobalSection
	GlobalSection(ExtensibilityGlobals) = postSolution
		SolutionGuid = {FF3E2DDE-E269-4769-A9F9-E4F7671F3059}
	EndGlobalSection
EndGlobal
